// !$*UTF8*$!
{
	archiveVersion = 1;
	classes = {
	};
	objectVersion = 46;
	objects = {

/* Begin PBXBuildFile section */
		716BED8E1B44403E004E4619 /* main.m in Sources */ = {isa = PBXBuildFile; fileRef = 716BED8D1B44403E004E4619 /* main.m */; };
		716BED911B44403E004E4619 /* AppDelegate.m in Sources */ = {isa = PBXBuildFile; fileRef = 716BED901B44403E004E4619 /* AppDelegate.m */; };
		716BED941B44403E004E4619 /* ViewController.m in Sources */ = {isa = PBXBuildFile; fileRef = 716BED931B44403E004E4619 /* ViewController.m */; };
		716BED971B44403E004E4619 /* Main.storyboard in Resources */ = {isa = PBXBuildFile; fileRef = 716BED951B44403E004E4619 /* Main.storyboard */; };
		716BED991B44403E004E4619 /* Images.xcassets in Resources */ = {isa = PBXBuildFile; fileRef = 716BED981B44403E004E4619 /* Images.xcassets */; };
		716BED9C1B44403E004E4619 /* LaunchScreen.xib in Resources */ = {isa = PBXBuildFile; fileRef = 716BED9A1B44403E004E4619 /* LaunchScreen.xib */; };
		716BEDA81B44403E004E4619 /* CollectionViewStudy2Tests.m in Sources */ = {isa = PBXBuildFile; fileRef = 716BEDA71B44403E004E4619 /* CollectionViewStudy2Tests.m */; };
		716BEDB31B444209004E4619 /* CYCollectionViewLayout.m in Sources */ = {isa = PBXBuildFile; fileRef = 716BEDB21B444209004E4619 /* CYCollectionViewLayout.m */; };
/* End PBXBuildFile section */

/* Begin PBXContainerItemProxy section */
		716BEDA21B44403E004E4619 /* PBXContainerItemProxy */ = {
			isa = PBXContainerItemProxy;
			containerPortal = 716BED801B44403E004E4619 /* Project object */;
			proxyType = 1;
			remoteGlobalIDString = 716BED871B44403E004E4619;
			remoteInfo = CollectionViewStudy2;
		};
/* End PBXContainerItemProxy section */

/* Begin PBXFileReference section */
		716BED881B44403E004E4619 /* CollectionViewStudy2.app */ = {isa = PBXFileReference; explicitFileType = wrapper.application; includeInIndex = 0; path = CollectionViewStudy2.app; sourceTree = BUILT_PRODUCTS_DIR; };
		716BED8C1B44403E004E4619 /* Info.plist */ = {isa = PBXFileReference; lastKnownFileType = text.plist.xml; path = Info.plist; sourceTree = "<group>"; };
		716BED8D1B44403E004E4619 /* main.m */ = {isa = PBXFileReference; lastKnownFileType = sourcecode.c.objc; path = main.m; sourceTree = "<group>"; };
		716BED8F1B44403E004E4619 /* AppDelegate.h */ = {isa = PBXFileReference; lastKnownFileType = sourcecode.c.h; path = AppDelegate.h; sourceTree = "<group>"; };
		716BED901B44403E004E4619 /* AppDelegate.m */ = {isa = PBXFileReference; lastKnownFileType = sourcecode.c.objc; path = AppDelegate.m; sourceTree = "<group>"; };
		716BED921B44403E004E4619 /* ViewController.h */ = {isa = PBXFileReference; lastKnownFileType = sourcecode.c.h; path = ViewController.h; sourceTree = "<group>"; };
		716BED931B44403E004E4619 /* ViewController.m */ = {isa = PBXFileReference; lastKnownFileType = sourcecode.c.objc; path = ViewController.m; sourceTree = "<group>"; };
		716BED961B44403E004E4619 /* Base */ = {isa = PBXFileReference; lastKnownFileType = file.storyboard; name = Base; path = Base.lproj/Main.storyboard; sourceTree = "<group>"; };
		716BED981B44403E004E4619 /* Images.xcassets */ = {isa = PBXFileReference; lastKnownFileType = folder.assetcatalog; path = Images.xcassets; sourceTree = "<group>"; };
		716BED9B1B44403E004E4619 /* Base */ = {isa = PBXFileReference; lastKnownFileType = file.xib; name = Base; path = Base.lproj/LaunchScreen.xib; sourceTree = "<group>"; };
		716BEDA11B44403E004E4619 /* CollectionViewStudy2Tests.xctest */ = {isa = PBXFileReference; explicitFileType = wrapper.cfbundle; includeInIndex = 0; path = CollectionViewStudy2Tests.xctest; sourceTree = BUILT_PRODUCTS_DIR; };
		716BEDA61B44403E004E4619 /* Info.plist */ = {isa = PBXFileReference; lastKnownFileType = text.plist.xml; path = Info.plist; sourceTree = "<group>"; };
		716BEDA71B44403E004E4619 /* CollectionViewStudy2Tests.m */ = {isa = PBXFileReference; lastKnownFileType = sourcecode.c.objc; path = CollectionViewStudy2Tests.m; sourceTree = "<group>"; };
		716BEDB11B444209004E4619 /* CYCollectionViewLayout.h */ = {isa = PBXFileReference; fileEncoding = 4; lastKnownFileType = sourcecode.c.h; path = CYCollectionViewLayout.h; sourceTree = "<group>"; };
		716BEDB21B444209004E4619 /* CYCollectionViewLayout.m */ = {isa = PBXFileReference; fileEncoding = 4; lastKnownFileType = sourcecode.c.objc; path = CYCollectionViewLayout.m; sourceTree = "<group>"; };
/* End PBXFileReference section */

/* Begin PBXFrameworksBuildPhase section */
		716BED851B44403E004E4619 /* Frameworks */ = {
			isa = PBXFrameworksBuildPhase;
			buildActionMask = 2147483647;
			files = (
			);
			runOnlyForDeploymentPostprocessing = 0;
		};
		716BED9E1B44403E004E4619 /* Frameworks */ = {
			isa = PBXFrameworksBuildPhase;
			buildActionMask = 2147483647;
			files = (
			);
			runOnlyForDeploymentPostprocessing = 0;
		};
/* End PBXFrameworksBuildPhase section */

/* Begin PBXGroup section */
		716BED7F1B44403E004E4619 = {
			isa = PBXGroup;
			children = (
				716BED8A1B44403E004E4619 /* CollectionViewStudy2 */,
				716BEDA41B44403E004E4619 /* CollectionViewStudy2Tests */,
				716BED891B44403E004E4619 /* Products */,
			);
			sourceTree = "<group>";
		};
		716BED891B44403E004E4619 /* Products */ = {
			isa = PBXGroup;
			children = (
				716BED881B44403E004E4619 /* CollectionViewStudy2.app */,
				716BEDA11B44403E004E4619 /* CollectionViewStudy2Tests.xctest */,
			);
			name = Products;
			sourceTree = "<group>";
		};
		716BED8A1B44403E004E4619 /* CollectionViewStudy2 */ = {
			isa = PBXGroup;
			children = (
				716BED8F1B44403E004E4619 /* AppDelegate.h */,
				716BED901B44403E004E4619 /* AppDelegate.m */,
				716BED921B44403E004E4619 /* ViewController.h */,
				716BED931B44403E004E4619 /* ViewController.m */,
				716BEDB11B444209004E4619 /* CYCollectionViewLayout.h */,
				716BEDB21B444209004E4619 /* CYCollectionViewLayout.m */,
				716BED951B44403E004E4619 /* Main.storyboard */,
				716BED981B44403E004E4619 /* Images.xcassets */,
				716BED9A1B44403E004E4619 /* LaunchScreen.xib */,
				716BED8B1B44403E004E4619 /* Supporting Files */,
			);
			path = CollectionViewStudy2;
			sourceTree = "<group>";
		};
		716BED8B1B44403E004E4619 /* Supporting Files */ = {
			isa = PBXGroup;
			children = (
				716BED8C1B44403E004E4619 /* Info.plist */,
				716BED8D1B44403E004E4619 /* main.m */,
			);
			name = "Supporting Files";
			sourceTree = "<group>";
		};
		716BEDA41B44403E004E4619 /* CollectionViewStudy2Tests */ = {
			isa = PBXGroup;
			children = (
				716BEDA71B44403E004E4619 /* CollectionViewStudy2Tests.m */,
				716BEDA51B44403E004E4619 /* Supporting Files */,
			);
			path = CollectionViewStudy2Tests;
			sourceTree = "<group>";
		};
		716BEDA51B44403E004E4619 /* Supporting Files */ = {
			isa = PBXGroup;
			children = (
				716BEDA61B44403E004E4619 /* Info.plist */,
			);
			name = "Supporting Files";
			sourceTree = "<group>";
		};
/* End PBXGroup section */

/* Begin PBXNativeTarget section */
		716BED871B44403E004E4619 /* CollectionViewStudy2 */ = {
			isa = PBXNativeTarget;
			buildConfigurationList = 716BEDAB1B44403E004E4619 /* Build configuration list for PBXNativeTarget "CollectionViewStudy2" */;
			buildPhases = (
				716BED841B44403E004E4619 /* Sources */,
				716BED851B44403E004E4619 /* Frameworks */,
				716BED861B44403E004E4619 /* Resources */,
			);
			buildRules = (
			);
			dependencies = (
			);
			name = CollectionViewStudy2;
			productName = CollectionViewStudy2;
			productReference = 716BED881B44403E004E4619 /* CollectionViewStudy2.app */;
			productType = "com.apple.product-type.application";
		};
		716BEDA01B44403E004E4619 /* CollectionViewStudy2Tests */ = {
			isa = PBXNativeTarget;
			buildConfigurationList = 716BEDAE1B44403E004E4619 /* Build configuration list for PBXNativeTarget "CollectionViewStudy2Tests" */;
			buildPhases = (
				716BED9D1B44403E004E4619 /* Sources */,
				716BED9E1B44403E004E4619 /* Frameworks */,
				716BED9F1B44403E004E4619 /* Resources */,
			);
			buildRules = (
			);
			dependencies = (
				716BEDA31B44403E004E4619 /* PBXTargetDependency */,
			);
			name = CollectionViewStudy2Tests;
			productName = CollectionViewStudy2Tests;
			productReference = 716BEDA11B44403E004E4619 /* CollectionViewStudy2Tests.xctest */;
			productType = "com.apple.product-type.bundle.unit-test";
		};
/* End PBXNativeTarget section */

/* Begin PBXProject section */
		716BED801B44403E004E4619 /* Project object */ = {
			isa = PBXProject;
			attributes = {
				LastUpgradeCheck = 0630;
				ORGANIZATIONNAME = Self;
				TargetAttributes = {
					716BED871B44403E004E4619 = {
						CreatedOnToolsVersion = 6.3.2;
					};
					716BEDA01B44403E004E4619 = {
						CreatedOnToolsVersion = 6.3.2;
						TestTargetID = 716BED871B44403E004E4619;
					};
				};
			};
			buildConfigurationList = 716BED831B44403E004E4619 /* Build configuration list for PBXProject "CollectionViewStudy2" */;
			compatibilityVersion = "Xcode 3.2";
			developmentRegion = English;
			hasScannedForEncodings = 0;
			knownRegions = (
				en,
				Base,
			);
			mainGroup = 716BED7F1B44403E004E4619;
			productRefGroup = 716BED891B44403E004E4619 /* Products */;
			projectDirPath = "";
			projectRoot = "";
			targets = (
				716BED871B44403E004E4619 /* CollectionViewStudy2 */,
				716BEDA01B44403E004E4619 /* CollectionViewStudy2Tests */,
			);
		};
/* End PBXProject section */

/* Begin PBXResourcesBuildPhase section */
		716BED861B44403E004E4619 /* Resources */ = {
			isa = PBXResourcesBuildPhase;
			buildActionMask = 2147483647;
			files = (
				716BED971B44403E004E4619 /* Main.storyboard in Resources */,
				716BED9C1B44403E004E4619 /* LaunchScreen.xib in Resources */,
				716BED991B44403E004E4619 /* Images.xcassets in Resources */,
			);
			runOnlyForDeploymentPostprocessing = 0;
		};
		716BED9F1B44403E004E4619 /* Resources */ = {
			isa = PBXResourcesBuildPhase;
			buildActionMask = 2147483647;
			files = (
			);
			runOnlyForDeploymentPostprocessing = 0;
		};
/* End PBXResourcesBuildPhase section */

/* Begin PBXSourcesBuildPhase section */
		716BED841B44403E004E4619 /* Sources */ = {
			isa = PBXSourcesBuildPhase;
			buildActionMask = 2147483647;
			files = (
				716BEDB31B444209004E4619 /* CYCollectionViewLayout.m in Sources */,
				716BED941B44403E004E4619 /* ViewController.m in Sources */,
				716BED911B44403E004E4619 /* AppDelegate.m in Sources */,
				716BED8E1B44403E004E4619 /* main.m in Sources */,
			);
			runOnlyForDeploymentPostprocessing = 0;
		};
		716BED9D1B44403E004E4619 /* Sources */ = {
			isa = PBXSourcesBuildPhase;
			buildActionMask = 2147483647;
			files = (
				716BEDA81B44403E004E4619 /* CollectionViewStudy2Tests.m in Sources */,
			);
			runOnlyForDeploymentPostprocessing = 0;
		};
/* End PBXSourcesBuildPhase section */

/* Begin PBXTargetDependency section */
		716BEDA31B44403E004E4619 /* PBXTargetDependency */ = {
			isa = PBXTargetDependency;
			target = 716BED871B44403E004E4619 /* CollectionViewStudy2 */;
			targetProxy = 716BEDA21B44403E004E4619 /* PBXContainerItemProxy */;
		};
/* End PBXTargetDependency section */

/* Begin PBXVariantGroup section */
		716BED951B44403E004E4619 /* Main.storyboard */ = {
			isa = PBXVariantGroup;
			children = (
				716BED961B44403E004E4619 /* Base */,
			);
			name = Main.storyboard;
			sourceTree = "<group>";
		};
		716BED9A1B44403E004E4619 /* LaunchScreen.xib */ = {
			isa = PBXVariantGroup;
			children = (
				716BED9B1B44403E004E4619 /* Base */,
			);
			name = LaunchScreen.xib;
			sourceTree = "<group>";
		};
/* End PBXVariantGroup section */

/* Begin XCBuildConfiguration section */
		716BEDA91B44403E004E4619 /* Debug */ = {
			isa = XCBuildConfiguration;
			buildSettings = {
				ALWAYS_SEARCH_USER_PATHS = NO;
				CLANG_CXX_LANGUAGE_STANDARD = "gnu++0x";
				CLANG_CXX_LIBRARY = "libc++";
				CLANG_ENABLE_MODULES = YES;
				CLANG_ENABLE_OBJC_ARC = YES;
				CLANG_WARN_BOOL_CONVERSION = YES;
				CLANG_WARN_CONSTANT_CONVERSION = YES;
				CLANG_WARN_DIRECT_OBJC_ISA_USAGE = YES_ERROR;
				CLANG_WARN_EMPTY_BODY = YES;
				CLANG_WARN_ENUM_CONVERSION = YES;
				CLANG_WARN_INT_CONVERSION = YES;
				CLANG_WARN_OBJC_ROOT_CLASS = YES_ERROR;
				CLANG_WARN_UNREACHABLE_CODE = YES;
				CLANG_WARN__DUPLICATE_METHOD_MATCH = YES;
				"CODE_SIGN_IDENTITY[sdk=iphoneos*]" = "iPhone Developer";
				COPY_PHASE_STRIP = NO;
				DEBUG_INFORMATION_FORMAT = "dwarf-with-dsym";
				ENABLE_STRICT_OBJC_MSGSEND = YES;
				GCC_C_LANGUAGE_STANDARD = gnu99;
				GCC_DYNAMIC_NO_PIC = NO;
				GCC_NO_COMMON_BLOCKS = YES;
				GCC_OPTIMIZATION_LEVEL = 0;
				GCC_PREPROCESSOR_DEFINITIONS = (
					"DEBUG=1",
					"$(inherited)",
				);
				GCC_SYMBOLS_PRIVATE_EXTERN = NO;
				GCC_WARN_64_TO_32_BIT_CONVERSION = YES;
				GCC_WARN_ABOUT_RETURN_TYPE = YES_ERROR;
				GCC_WARN_UNDECLARED_SELECTOR = YES;
				GCC_WARN_UNINITIALIZED_AUTOS = YES_AGGRESSIVE;
				GCC_WARN_UNUSED_FUNCTION = YES;
				GCC_WARN_UNUSED_VARIABLE = YES;
				IPHONEOS_DEPLOYMENT_TARGET = 8.3;
				MTL_ENABLE_DEBUG_INFO = YES;
				ONLY_ACTIVE_ARCH = YES;
				SDKROOT = iphoneos;
				TARGETED_DEVICE_FAMILY = 2;
			};
			name = Debug;
		};
		716BEDAA1B44403E004E4619 /* Release */ = {
			isa = XCBuildConfiguration;
			buildSettings = {
				ALWAYS_SEARCH_USER_PATHS = NO;
				CLANG_CXX_LANGUAGE_STANDARD = "gnu++0x";
				CLANG_CXX_LIBRARY = "libc++";
				CLANG_ENABLE_MODULES = YES;
				CLANG_ENABLE_OBJC_ARC = YES;
				CLANG_WARN_BOOL_CONVERSION = YES;
				CLANG_WARN_CONSTANT_CONVERSION = YES;
				CLANG_WARN_DIRECT_OBJC_ISA_USAGE = YES_ERROR;
				CLANG_WARN_EMPTY_BODY = YES;
				CLANG_WARN_ENUM_CONVERSION = YES;
				CLANG_WARN_INT_CONVERSION = YES;
				CLANG_WARN_OBJC_ROOT_CLASS = YES_ERROR;
				CLANG_WARN_UNREACHABLE_CODE = YES;
				CLANG_WARN__DUPLICATE_METHOD_MATCH = YES;
				"CODE_SIGN_IDENTITY[sdk=iphoneos*]" = "iPhone Developer";
				COPY_PHASE_STRIP = NO;
				DEBUG_INFORMATION_FORMAT = "dwarf-with-dsym";
				ENABLE_NS_ASSERTIONS = NO;
				ENABLE_STRICT_OBJC_MSGSEND = YES;
				GCC_C_LANGUAGE_STANDARD = gnu99;
				GCC_NO_COMMON_BLOCKS = YES;
				GCC_WARN_64_TO_32_BIT_CONVERSION = YES;
				GCC_WARN_ABOUT_RETURN_TYPE = YES_ERROR;
				GCC_WARN_UNDECLARED_SELECTOR = YES;
				GCC_WARN_UNINITIALIZED_AUTOS = YES_AGGRESSIVE;
				GCC_WARN_UNUSED_FUNCTION = YES;
				GCC_WARN_UNUSED_VARIABLE = YES;
				IPHONEOS_DEPLOYMENT_TARGET = 8.3;
				MTL_ENABLE_DEBUG_INFO = NO;
				SDKROOT = iphoneos;
				TARGETED_DEVICE_FAMILY = 2;
				VALIDATE_PRODUCT = YES;
			};
			name = Release;
		};
		716BEDAC1B44403E004E4619 /* Debug */ = {
			isa = XCBuildConfiguration;
			buildSettings = {
				ASSETCATALOG_COMPILER_APPICON_NAME = AppIcon;
				INFOPLIST_FILE = CollectionViewStudy2/Info.plist;
				LD_RUNPATH_SEARCH_PATHS = "$(inherited) @executable_path/Frameworks";
				PRODUCT_NAME = "$(TARGET_NAME)";
			};
			name = Debug;
		};
		716BEDAD1B44403E004E4619 /* Release */ = {
			isa = XCBuildConfiguration;
			buildSettings = {
				ASSETCATALOG_COMPILER_APPICON_NAME = AppIcon;
				INFOPLIST_FILE = CollectionViewStudy2/Info.plist;
				LD_RUNPATH_SEARCH_PATHS = "$(inherited) @executable_path/Frameworks";
				PRODUCT_NAME = "$(TARGET_NAME)";
			};
			name = Release;
		};
		716BEDAF1B44403E004E4619 /* Debug */ = {
			isa = XCBuildConfiguration;
			buildSettings = {
				BUNDLE_LOADER = "$(TEST_HOST)";
				FRAMEWORK_SEARCH_PATHS = (
					"$(SDKROOT)/Developer/Library/Frameworks",
					"$(inherited)",
				);
				GCC_PREPROCESSOR_DEFINITIONS = (
					"DEBUG=1",
					"$(inherited)",
				);
				INFOPLIST_FILE = CollectionViewStudy2Tests/Info.plist;
				LD_RUNPATH_SEARCH_PATHS = "$(inherited) @executable_path/Frameworks @loader_path/Frameworks";
				PRODUCT_NAME = "$(TARGET_NAME)";
				TEST_HOST = "$(BUILT_PRODUCTS_DIR)/CollectionViewStudy2.app/CollectionViewStudy2";
			};
			name = Debug;
		};
		716BEDB01B44403E004E4619 /* Release */ = {
			isa = XCBuildConfiguration;
			buildSettings = {
				BUNDLE_LOADER = "$(TEST_HOST)";
				FRAMEWORK_SEARCH_PATHS = (
					"$(SDKROOT)/Developer/Library/Frameworks",
					"$(inherited)",
				);
				INFOPLIST_FILE = CollectionViewStudy2Tests/Info.plist;
				LD_RUNPATH_SEARCH_PATHS = "$(inherited) @executable_path/Frameworks @loader_path/Frameworks";
				PRODUCT_NAME = "$(TARGET_NAME)";
				TEST_HOST = "$(BUILT_PRODUCTS_DIR)/CollectionViewStudy2.app/CollectionViewStudy2";
			};
			name = Release;
		};
/* End XCBuildConfiguration section */

/* Begin XCConfigurationList section */
		716BED831B44403E004E4619 /* Build configuration list for PBXProject "CollectionViewStudy2" */ = {
			isa = XCConfigurationList;
			buildConfigurations = (
				716BEDA91B44403E004E4619 /* Debug */,
				716BEDAA1B44403E004E4619 /* Release */,
			);
			defaultConfigurationIsVisible = 0;
			defaultConfigurationName = Release;
		};
		716BEDAB1B44403E004E4619 /* Build configuration list for PBXNativeTarget "CollectionViewStudy2" */ = {
			isa = XCConfigurationList;
			buildConfigurations = (
				716BEDAC1B44403E004E4619 /* Debug */,
				716BEDAD1B44403E004E4619 /* Release */,
			);
			defaultConfigurationIsVisible = 0;
		};
		716BEDAE1B44403E004E4619 /* Build configuration list for PBXNativeTarget "CollectionViewStudy2Tests" */ = {
			isa = XCConfigurationList;
			buildConfigurations = (
				716BEDAF1B44403E004E4619 /* Debug */,
				716BEDB01B44403E004E4619 /* Release */,
			);
			defaultConfigurationIsVisible = 0;
		};
/* End XCConfigurationList section */
	};
	rootObject = 716BED801B44403E004E4619 /* Project object */;
}
